{
  "version": 4,
  "terraform_version": "1.3.7",
  "serial": 1469,
  "lineage": "0edd17e1-c75f-6980-fa4a-d5733a70c81d",
  "outputs": {},
  "resources": [
    {
      "mode": "data",
      "type": "aws_eks_cluster",
      "name": "cluster",
      "provider": "provider[\"registry.terraform.io/hashicorp/aws\"]",
      "instances": [
        {
          "schema_version": 0,
          "attributes": {
            "arn": "arn:aws:eks:eu-central-1:528954317629:cluster/my-eks-cluster",
            "certificate_authority": [
              {
                "data": "LS0tLS1CRUdJTiBDRVJUSUZJQ0FURS0tLS0tCk1JSUMvakNDQWVhZ0F3SUJBZ0lCQURBTkJna3Foa2lHOXcwQkFRc0ZBREFWTVJNd0VRWURWUVFERXdwcmRXSmwKY201bGRHVnpNQjRYRFRJek1ETXdOakUwTlRBd09Gb1hEVE16TURNd016RTBOVEF3T0Zvd0ZURVRNQkVHQTFVRQpBeE1LYTNWaVpYSnVaWFJsY3pDQ0FTSXdEUVlKS29aSWh2Y05BUUVCQlFBRGdnRVBBRENDQVFvQ2dnRUJBTENrCm41WktUQjZrZGJUdkFibVhHQ0MyQkJycW9Lc3QxVzltVWdjV09kUFdzM0VYOTZ0d2tNZHZIWDR6bllsczJGZHEKTS83RFpqa1JHV0RwVlpUYmM2TzFFbm00SWpBeXA3WGtIWE12WVlHemRJQWU5eWlJMVdGWnZtL2hYTHJLWndkYwpabGlBRFA5TTA4aU83UDhWa1JjR29pYzFWOXExVDBMblhnSWxKNE9QbWtzZnFuc2JyK2l5czhoZzNjZzI2QjVBCnV3NjF4cGNEajlsMHlLM0hNWVlKT2YvTi83TUpSZ1k4VUR6a3lPa2c1QzJWVjl5Kzh3WW14bnUvTE5ienFHU2gKeTRwOUZkb0d6bUFvTFo1VFAvcFlSZ3hmRnNMcVJuZHFaWmMxSkZ3WksrelVMWjlkTzB5Y1FuNlhhUHdseXVvcQppSkhhVUc1RGxJMDlvSnByN2lrQ0F3RUFBYU5aTUZjd0RnWURWUjBQQVFIL0JBUURBZ0trTUE4R0ExVWRFd0VCCi93UUZNQU1CQWY4d0hRWURWUjBPQkJZRUZKRlJZNkhtV1ZycVY4L0ZmLzVYcWtDOXhLdnlNQlVHQTFVZEVRUU8KTUF5Q0NtdDFZbVZ5Ym1WMFpYTXdEUVlKS29aSWh2Y05BUUVMQlFBRGdnRUJBR3p2OXdpcmZ4WDVIdTBQbk4rTwp2dVBNcFFlTGg3QnFNRU5YNlAyVTc4YWJKb0VqVjFSNWpIQk9vY2dKN21FQVBqclhZYy9lS29WRFNFdnphRFFHCjhyZ1ZkYkxCNWxLbnYrZVhiU3d1N20vbXF0SkoxZ1I5bGlKQWx0RjZKOUxsR2M2R2E2UE91YVhSZmRBWHMyQ0IKSkZZczFLakVGNzlSa2JTQUVXV1Jna3psR2dXNlNLUlJ3aEIyZ1VodnV6eVhQdXNGV3MzcUdRV0FWQmttN3A3WQpoaU14S2NMK1k5ZkNKS21makJJY0F4ZHgzNnQ4Q25SSkZzU0lyNVhaT3huMEE0ZUI1ZytTR0huTUxxR1paL01mCjBmKzBBbXRRVjk5eDYxYjhGWHU5NUVjRjZuNExHUE1od1J6UzljQXhFNlN5VmNBM3F0azV1SGdMcjNncFFTTmoKT2FvPQotLS0tLUVORCBDRVJUSUZJQ0FURS0tLS0tCg=="
              }
            ],
            "cluster_id": null,
            "created_at": "2023-03-06 14:43:58.42 +0000 UTC",
            "enabled_cluster_log_types": [
              "api",
              "audit",
              "authenticator"
            ],
            "endpoint": "https://C82CDE4945B3820A38B09C4AC7117B59.gr7.eu-central-1.eks.amazonaws.com",
            "id": "my-eks-cluster",
            "identity": [
              {
                "oidc": [
                  {
                    "issuer": "https://oidc.eks.eu-central-1.amazonaws.com/id/C82CDE4945B3820A38B09C4AC7117B59"
                  }
                ]
              }
            ],
            "kubernetes_network_config": [
              {
                "ip_family": "ipv4",
                "service_ipv4_cidr": "172.20.0.0/16",
                "service_ipv6_cidr": ""
              }
            ],
            "name": "my-eks-cluster",
            "outpost_config": [],
            "platform_version": "eks.4",
            "role_arn": "arn:aws:iam::528954317629:role/my-eks-cluster-cluster-20230306144329300700000003",
            "status": "ACTIVE",
            "tags": {},
            "version": "1.24",
            "vpc_config": [
              {
                "cluster_security_group_id": "sg-039c9cd7c1ae8a9c8",
                "endpoint_private_access": true,
                "endpoint_public_access": true,
                "public_access_cidrs": [
                  "0.0.0.0/0"
                ],
                "security_group_ids": [
                  "sg-03fa3329457088e51",
                  "sg-0aec73e80858521fd"
                ],
                "subnet_ids": [
                  "subnet-000cfbf87fbe117ff",
                  "subnet-049cc136af1d24529",
                  "subnet-07ff4a7dc3d5bb78a"
                ],
                "vpc_id": "vpc-0fe64a74e970c4494"
              }
            ]
          },
          "sensitive_attributes": []
        }
      ]
    },
    {
      "mode": "data",
      "type": "terraform_remote_state",
      "name": "state",
      "provider": "provider[\"terraform.io/builtin/terraform\"]",
      "instances": [
        {
          "schema_version": 0,
          "attributes": {
            "backend": "local",
            "config": {
              "value": {
                "path": "../app-infra/terraform.tfstate"
              },
              "type": [
                "object",
                {
                  "path": "string"
                }
              ]
            },
            "defaults": null,
            "outputs": {
              "value": {
                "aurora_cluster_endpoint": "mysqldb.cluster-csczuu7dgnlg.eu-central-1.rds.amazonaws.com",
                "cluster_endpoint": "https://C82CDE4945B3820A38B09C4AC7117B59.gr7.eu-central-1.eks.amazonaws.com",
                "cluster_name": "my-eks-cluster",
                "cluster_security_group_id": "sg-03fa3329457088e51",
                "efs_file_system_id": "fs-0fd275c99baddcedd",
                "eks_managed_node_groups_iam_role_arn": "arn:aws:iam::528954317629:role/initial-eks-node-group-20230306144329300400000002",
                "oidc_provider_arn": "arn:aws:iam::528954317629:oidc-provider/oidc.eks.eu-central-1.amazonaws.com/id/C82CDE4945B3820A38B09C4AC7117B59",
                "region": "eu-central-1",
                "vpc_id": "vpc-0fe64a74e970c4494",
                "vpc_name": "my-vpc"
              },
              "type": [
                "object",
                {
                  "aurora_cluster_endpoint": "string",
                  "cluster_endpoint": "string",
                  "cluster_name": "string",
                  "cluster_security_group_id": "string",
                  "efs_file_system_id": "string",
                  "eks_managed_node_groups_iam_role_arn": "string",
                  "oidc_provider_arn": "string",
                  "region": "string",
                  "vpc_id": "string",
                  "vpc_name": "string"
                }
              ]
            },
            "workspace": null
          },
          "sensitive_attributes": []
        }
      ]
    },
    {
      "mode": "managed",
      "type": "helm_release",
      "name": "aws-efs-csi-driver",
      "provider": "provider[\"registry.terraform.io/hashicorp/helm\"]",
      "instances": [
        {
          "schema_version": 0,
          "attributes": {
            "atomic": false,
            "chart": "aws-efs-csi-driver",
            "cleanup_on_fail": false,
            "create_namespace": false,
            "dependency_update": false,
            "description": null,
            "devel": null,
            "disable_crd_hooks": false,
            "disable_openapi_validation": false,
            "disable_webhooks": false,
            "force_update": false,
            "id": "aws-efs-csi-driver",
            "keyring": null,
            "lint": false,
            "manifest": null,
            "max_history": 0,
            "metadata": [
              {
                "app_version": "1.5.3",
                "chart": "aws-efs-csi-driver",
                "name": "aws-efs-csi-driver",
                "namespace": "kube-system",
                "revision": 1,
                "values": "{\"controller\":{\"serviceAccount\":{\"annotations\":{\"eks.amazonaws.com/role-arn\":\"arn:aws:iam::528954317629:role/efs-csi-controller-sa\"},\"create\":false,\"name\":\"efs-csi-controller-sa\"}},\"image\":{\"repository\":\"602401143452.dkr.ecr.eu-central-1.amazonaws.com/eks/aws-efs-csi-driver\"},\"node\":{\"serviceAccount\":{\"annotations\":{\"eks.amazonaws.com/role-arn\":\"arn:aws:iam::528954317629:role/efs-csi-controller-sa\"},\"create\":false,\"name\":\"efs-csi-controller-sa\"}},\"replicaCount\":2}",
                "version": "2.4.0"
              }
            ],
            "name": "aws-efs-csi-driver",
            "namespace": "kube-system",
            "pass_credentials": false,
            "postrender": [],
            "recreate_pods": false,
            "render_subchart_notes": true,
            "replace": false,
            "repository": "https://kubernetes-sigs.github.io/aws-efs-csi-driver/",
            "repository_ca_file": null,
            "repository_cert_file": null,
            "repository_key_file": null,
            "repository_password": null,
            "repository_username": null,
            "reset_values": false,
            "reuse_values": false,
            "set": [
              {
                "name": "controller.serviceAccount.annotations.eks\\.amazonaws\\.com/role-arn",
                "type": "",
                "value": "arn:aws:iam::528954317629:role/efs-csi-controller-sa"
              },
              {
                "name": "controller.serviceAccount.create",
                "type": "",
                "value": "false"
              },
              {
                "name": "controller.serviceAccount.name",
                "type": "",
                "value": "efs-csi-controller-sa"
              },
              {
                "name": "image.repository",
                "type": "",
                "value": "602401143452.dkr.ecr.eu-central-1.amazonaws.com/eks/aws-efs-csi-driver"
              },
              {
                "name": "node.serviceAccount.annotations.eks\\.amazonaws\\.com/role-arn",
                "type": "",
                "value": "arn:aws:iam::528954317629:role/efs-csi-controller-sa"
              },
              {
                "name": "node.serviceAccount.create",
                "type": "",
                "value": "false"
              },
              {
                "name": "node.serviceAccount.name",
                "type": "",
                "value": "efs-csi-controller-sa"
              },
              {
                "name": "replicaCount",
                "type": "",
                "value": "2"
              }
            ],
            "set_sensitive": [],
            "skip_crds": false,
            "status": "deployed",
            "timeout": 300,
            "values": null,
            "verify": false,
            "version": "2.4.0",
            "wait": true,
            "wait_for_jobs": false
          },
          "sensitive_attributes": [],
          "private": "bnVsbA==",
          "dependencies": [
            "data.aws_eks_cluster.cluster",
            "data.terraform_remote_state.state",
            "kubernetes_service_account.service-account-efs",
            "module.efs_csi_irsa_role.aws_iam_role.this",
            "module.efs_csi_irsa_role.data.aws_caller_identity.current",
            "module.efs_csi_irsa_role.data.aws_iam_policy_document.this",
            "module.efs_csi_irsa_role.data.aws_partition.current"
          ]
        }
      ]
    },
    {
      "mode": "managed",
      "type": "kubernetes_persistent_volume_claim",
      "name": "wp-content",
      "provider": "provider[\"registry.terraform.io/hashicorp/kubernetes\"]",
      "instances": [
        {
          "schema_version": 0,
          "attributes": {
            "id": "default/wp-content-pvc",
            "metadata": [
              {
                "annotations": {},
                "generate_name": "",
                "generation": 0,
                "labels": {},
                "name": "wp-content-pvc",
                "namespace": "default",
                "resource_version": "4783",
                "uid": "61eaef29-d62a-4d50-b371-a5f04b1e0512"
              }
            ],
            "spec": [
              {
                "access_modes": [
                  "ReadWriteMany"
                ],
                "resources": [
                  {
                    "limits": {},
                    "requests": {
                      "storage": "5Gi"
                    }
                  }
                ],
                "selector": [],
                "storage_class_name": "efs-sc",
                "volume_name": "pvc-61eaef29-d62a-4d50-b371-a5f04b1e0512"
              }
            ],
            "timeouts": null,
            "wait_until_bound": true
          },
          "sensitive_attributes": [],
          "private": "eyJlMmJmYjczMC1lY2FhLTExZTYtOGY4OC0zNDM2M2JjN2M0YzAiOnsiY3JlYXRlIjozMDAwMDAwMDAwMDB9fQ==",
          "dependencies": [
            "data.aws_eks_cluster.cluster",
            "data.terraform_remote_state.state",
            "helm_release.aws-efs-csi-driver",
            "kubernetes_service_account.service-account-efs",
            "module.efs_csi_irsa_role.aws_iam_role.this",
            "module.efs_csi_irsa_role.data.aws_caller_identity.current",
            "module.efs_csi_irsa_role.data.aws_iam_policy_document.this",
            "module.efs_csi_irsa_role.data.aws_partition.current"
          ]
        }
      ]
    },
    {
      "mode": "managed",
      "type": "kubernetes_service_account",
      "name": "service-account-efs",
      "provider": "provider[\"registry.terraform.io/hashicorp/kubernetes\"]",
      "instances": [
        {
          "schema_version": 0,
          "attributes": {
            "automount_service_account_token": true,
            "default_secret_name": "",
            "id": "kube-system/efs-csi-controller-sa",
            "image_pull_secret": [],
            "metadata": [
              {
                "annotations": {
                  "eks.amazonaws.com/role-arn": "arn:aws:iam::528954317629:role/efs-csi-controller-sa",
                  "eks.amazonaws.com/sts-regional-endpoints": "true"
                },
                "generate_name": "",
                "generation": 0,
                "labels": {
                  "app.kubernetes.io/component": "controller",
                  "app.kubernetes.io/name": "efs-csi-controller-sa"
                },
                "name": "efs-csi-controller-sa",
                "namespace": "kube-system",
                "resource_version": "4520",
                "uid": "7cf70df6-d8b6-46af-880f-e3fd8bb9037c"
              }
            ],
            "secret": [],
            "timeouts": null
          },
          "sensitive_attributes": [],
          "private": "eyJlMmJmYjczMC1lY2FhLTExZTYtOGY4OC0zNDM2M2JjN2M0YzAiOnsiY3JlYXRlIjozMDAwMDAwMDAwMH19",
          "dependencies": [
            "data.aws_eks_cluster.cluster",
            "data.terraform_remote_state.state",
            "module.efs_csi_irsa_role.aws_iam_role.this",
            "module.efs_csi_irsa_role.data.aws_caller_identity.current",
            "module.efs_csi_irsa_role.data.aws_iam_policy_document.this",
            "module.efs_csi_irsa_role.data.aws_partition.current"
          ]
        }
      ]
    },
    {
      "module": "module.efs_csi_irsa_role",
      "mode": "data",
      "type": "aws_caller_identity",
      "name": "current",
      "provider": "provider[\"registry.terraform.io/hashicorp/aws\"]",
      "instances": [
        {
          "schema_version": 0,
          "attributes": {
            "account_id": "528954317629",
            "arn": "arn:aws:iam::528954317629:user/MKamil",
            "id": "528954317629",
            "user_id": "AIDAXWKBCLM6UEGVNZ6TR"
          },
          "sensitive_attributes": []
        }
      ]
    },
    {
      "module": "module.efs_csi_irsa_role",
      "mode": "data",
      "type": "aws_iam_policy_document",
      "name": "this",
      "provider": "provider[\"registry.terraform.io/hashicorp/aws\"]",
      "instances": [
        {
          "index_key": 0,
          "schema_version": 0,
          "attributes": {
            "id": "3796655369",
            "json": "{\n  \"Version\": \"2012-10-17\",\n  \"Statement\": [\n    {\n      \"Sid\": \"\",\n      \"Effect\": \"Allow\",\n      \"Action\": \"sts:AssumeRoleWithWebIdentity\",\n      \"Principal\": {\n        \"Federated\": \"arn:aws:iam::528954317629:oidc-provider/oidc.eks.eu-central-1.amazonaws.com/id/C82CDE4945B3820A38B09C4AC7117B59\"\n      },\n      \"Condition\": {\n        \"StringEquals\": {\n          \"oidc.eks.eu-central-1.amazonaws.com/id/C82CDE4945B3820A38B09C4AC7117B59:aud\": \"sts.amazonaws.com\",\n          \"oidc.eks.eu-central-1.amazonaws.com/id/C82CDE4945B3820A38B09C4AC7117B59:sub\": \"system:serviceaccount:kube-system:efs-csi-controller-sa\"\n        }\n      }\n    }\n  ]\n}",
            "override_json": null,
            "override_policy_documents": null,
            "policy_id": null,
            "source_json": null,
            "source_policy_documents": null,
            "statement": [
              {
                "actions": [
                  "sts:AssumeRoleWithWebIdentity"
                ],
                "condition": [
                  {
                    "test": "StringEquals",
                    "values": [
                      "sts.amazonaws.com"
                    ],
                    "variable": "oidc.eks.eu-central-1.amazonaws.com/id/C82CDE4945B3820A38B09C4AC7117B59:aud"
                  },
                  {
                    "test": "StringEquals",
                    "values": [
                      "system:serviceaccount:kube-system:efs-csi-controller-sa"
                    ],
                    "variable": "oidc.eks.eu-central-1.amazonaws.com/id/C82CDE4945B3820A38B09C4AC7117B59:sub"
                  }
                ],
                "effect": "Allow",
                "not_actions": [],
                "not_principals": [],
                "not_resources": [],
                "principals": [
                  {
                    "identifiers": [
                      "arn:aws:iam::528954317629:oidc-provider/oidc.eks.eu-central-1.amazonaws.com/id/C82CDE4945B3820A38B09C4AC7117B59"
                    ],
                    "type": "Federated"
                  }
                ],
                "resources": [],
                "sid": ""
              }
            ],
            "version": "2012-10-17"
          },
          "sensitive_attributes": []
        }
      ]
    },
    {
      "module": "module.efs_csi_irsa_role",
      "mode": "data",
      "type": "aws_partition",
      "name": "current",
      "provider": "provider[\"registry.terraform.io/hashicorp/aws\"]",
      "instances": [
        {
          "schema_version": 0,
          "attributes": {
            "dns_suffix": "amazonaws.com",
            "id": "aws",
            "partition": "aws",
            "reverse_dns_prefix": "com.amazonaws"
          },
          "sensitive_attributes": []
        }
      ]
    },
    {
      "module": "module.efs_csi_irsa_role",
      "mode": "managed",
      "type": "aws_iam_role",
      "name": "this",
      "provider": "provider[\"registry.terraform.io/hashicorp/aws\"]",
      "instances": [
        {
          "index_key": 0,
          "schema_version": 0,
          "attributes": {
            "arn": "arn:aws:iam::528954317629:role/efs-csi-controller-sa",
            "assume_role_policy": "{\"Statement\":[{\"Action\":\"sts:AssumeRoleWithWebIdentity\",\"Condition\":{\"StringEquals\":{\"oidc.eks.eu-central-1.amazonaws.com/id/C82CDE4945B3820A38B09C4AC7117B59:aud\":\"sts.amazonaws.com\",\"oidc.eks.eu-central-1.amazonaws.com/id/C82CDE4945B3820A38B09C4AC7117B59:sub\":\"system:serviceaccount:kube-system:efs-csi-controller-sa\"}},\"Effect\":\"Allow\",\"Principal\":{\"Federated\":\"arn:aws:iam::528954317629:oidc-provider/oidc.eks.eu-central-1.amazonaws.com/id/C82CDE4945B3820A38B09C4AC7117B59\"},\"Sid\":\"\"}],\"Version\":\"2012-10-17\"}",
            "create_date": "2023-03-06T15:11:46Z",
            "description": "",
            "force_detach_policies": true,
            "id": "efs-csi-controller-sa",
            "inline_policy": [],
            "managed_policy_arns": [
              "arn:aws:iam::528954317629:policy/AmazonEKS_EFS_CSI_Policy-20230306151145089500000003"
            ],
            "max_session_duration": 3600,
            "name": "efs-csi-controller-sa",
            "name_prefix": "",
            "path": "/",
            "permissions_boundary": null,
            "tags": {},
            "tags_all": {},
            "unique_id": "AROAXWKBCLM6XNV7BTGMD"
          },
          "sensitive_attributes": [],
          "private": "bnVsbA==",
          "dependencies": [
            "data.terraform_remote_state.state",
            "module.efs_csi_irsa_role.data.aws_caller_identity.current",
            "module.efs_csi_irsa_role.data.aws_iam_policy_document.this",
            "module.efs_csi_irsa_role.data.aws_partition.current"
          ]
        }
      ]
    }
  ],
  "check_results": null
}
